// !$*UTF8*$!
{
	archiveVersion = 1;
	classes = {
	};
	objectVersion = 50;
	objects = {

/* Begin PBXBuildFile section */
		AC94CB49255CABC700DF385B /* Index.swift in Sources */ = {isa = PBXBuildFile; fileRef = AC94CB48255CABC700DF385B /* Index.swift */; };
		AC94CB4B255CABC700DF385B /* ContentView.swift in Sources */ = {isa = PBXBuildFile; fileRef = AC94CB4A255CABC700DF385B /* ContentView.swift */; };
		AC94CB4D255CABC800DF385B /* Assets.xcassets in Resources */ = {isa = PBXBuildFile; fileRef = AC94CB4C255CABC800DF385B /* Assets.xcassets */; };
		AC94CB50255CABC800DF385B /* Preview Assets.xcassets in Resources */ = {isa = PBXBuildFile; fileRef = AC94CB4F255CABC800DF385B /* Preview Assets.xcassets */; };
		AC94CB5E255CAC1400DF385B /* FlightsView.swift in Sources */ = {isa = PBXBuildFile; fileRef = AC94CB5D255CAC1400DF385B /* FlightsView.swift */; };
		AC94CB62255CAC3C00DF385B /* FilterFlightsView.swift in Sources */ = {isa = PBXBuildFile; fileRef = AC94CB61255CAC3C00DF385B /* FilterFlightsView.swift */; };
/* End PBXBuildFile section */

/* Begin PBXFileReference section */
		AC94CB45255CABC700DF385B /* Flights.app */ = {isa = PBXFileReference; explicitFileType = wrapper.application; includeInIndex = 0; path = Flights.app; sourceTree = BUILT_PRODUCTS_DIR; };
		AC94CB48255CABC700DF385B /* Index.swift */ = {isa = PBXFileReference; lastKnownFileType = sourcecode.swift; path = Index.swift; sourceTree = "<group>"; };
		AC94CB4A255CABC700DF385B /* ContentView.swift */ = {isa = PBXFileReference; lastKnownFileType = sourcecode.swift; path = ContentView.swift; sourceTree = "<group>"; };
		AC94CB4C255CABC800DF385B /* Assets.xcassets */ = {isa = PBXFileReference; lastKnownFileType = folder.assetcatalog; path = Assets.xcassets; sourceTree = "<group>"; };
		AC94CB4F255CABC800DF385B /* Preview Assets.xcassets */ = {isa = PBXFileReference; lastKnownFileType = folder.assetcatalog; path = "Preview Assets.xcassets"; sourceTree = "<group>"; };
		AC94CB51255CABC800DF385B /* Info.plist */ = {isa = PBXFileReference; lastKnownFileType = text.plist.xml; path = Info.plist; sourceTree = "<group>"; };
		AC94CB5D255CAC1400DF385B /* FlightsView.swift */ = {isa = PBXFileReference; lastKnownFileType = sourcecode.swift; path = FlightsView.swift; sourceTree = "<group>"; };
		AC94CB61255CAC3C00DF385B /* FilterFlightsView.swift */ = {isa = PBXFileReference; lastKnownFileType = sourcecode.swift; path = FilterFlightsView.swift; sourceTree = "<group>"; };
/* End PBXFileReference section */

/* Begin PBXFrameworksBuildPhase section */
		AC94CB42255CABC700DF385B /* Frameworks */ = {
			isa = PBXFrameworksBuildPhase;
			buildActionMask = 2147483647;
			files = (
			);
			runOnlyForDeploymentPostprocessing = 0;
		};
/* End PBXFrameworksBuildPhase section */

/* Begin PBXGroup section */
		AC94CB3C255CABC700DF385B = {
			isa = PBXGroup;
			children = (
				AC94CB47255CABC700DF385B /* Flights */,
				AC94CB46255CABC700DF385B /* Products */,
			);
			sourceTree = "<group>";
		};
		AC94CB46255CABC700DF385B /* Products */ = {
			isa = PBXGroup;
			children = (
				AC94CB45255CABC700DF385B /* Flights.app */,
			);
			name = Products;
			sourceTree = "<group>";
		};
		AC94CB47255CABC700DF385B /* Flights */ = {
			isa = PBXGroup;
			children = (
				AC94CB5C255CAC0100DF385B /* ViewModels */,
				AC94CB5B255CABFE00DF385B /* Models */,
				AC94CB5A255CABFA00DF385B /* Views */,
				AC94CB48255CABC700DF385B /* Index.swift */,
				AC94CB4A255CABC700DF385B /* ContentView.swift */,
				AC94CB4C255CABC800DF385B /* Assets.xcassets */,
				AC94CB51255CABC800DF385B /* Info.plist */,
				AC94CB4E255CABC800DF385B /* Preview Content */,
			);
			path = Flights;
			sourceTree = "<group>";
		};
		AC94CB4E255CABC800DF385B /* Preview Content */ = {
			isa = PBXGroup;
			children = (
				AC94CB4F255CABC800DF385B /* Preview Assets.xcassets */,
			);
			path = "Preview Content";
			sourceTree = "<group>";
		};
		AC94CB5A255CABFA00DF385B /* Views */ = {
			isa = PBXGroup;
			children = (
				AC94CB5D255CAC1400DF385B /* FlightsView.swift */,
				AC94CB61255CAC3C00DF385B /* FilterFlightsView.swift */,
			);
			path = Views;
			sourceTree = "<group>";
		};
		AC94CB5B255CABFE00DF385B /* Models */ = {
			isa = PBXGroup;
			children = (
			);
			path = Models;
			sourceTree = "<group>";
		};
		AC94CB5C255CAC0100DF385B /* ViewModels */ = {
			isa = PBXGroup;
			children = (
			);
			path = ViewModels;
			sourceTree = "<group>";
		};
/* End PBXGroup section */

/* Begin PBXNativeTarget section */
		AC94CB44255CABC700DF385B /* Flights */ = {
			isa = PBXNativeTarget;
			buildConfigurationList = AC94CB54255CABC800DF385B /* Build configuration list for PBXNativeTarget "Flights" */;
			buildPhases = (
				AC94CB41255CABC700DF385B /* Sources */,
				AC94CB42255CABC700DF385B /* Frameworks */,
				AC94CB43255CABC700DF385B /* Resources */,
			);
			buildRules = (
			);
			dependencies = (
			);
			name = Flights;
			productName = Flights;
			productReference = AC94CB45255CABC700DF385B /* Flights.app */;
			productType = "com.apple.product-type.application";
		};
/* End PBXNativeTarget section */

/* Begin PBXProject section */
		AC94CB3D255CABC700DF385B /* Project object */ = {
			isa = PBXProject;
			attributes = {
				LastSwiftUpdateCheck = 1220;
				LastUpgradeCheck = 1220;
				TargetAttributes = {
					AC94CB44255CABC700DF385B = {
						CreatedOnToolsVersion = 12.2;
					};
				};
			};
			buildConfigurationList = AC94CB40255CABC700DF385B /* Build configuration list for PBXProject "Flights" */;
			compatibilityVersion = "Xcode 9.3";
			developmentRegion = en;
			hasScannedForEncodings = 0;
			knownRegions = (
				en,
				Base,
			);
			mainGroup = AC94CB3C255CABC700DF385B;
			productRefGroup = AC94CB46255CABC700DF385B /* Products */;
			projectDirPath = "";
			projectRoot = "";
			targets = (
				AC94CB44255CABC700DF385B /* Flights */,
			);
		};
/* End PBXProject section */

/* Begin PBXResourcesBuildPhase section */
		AC94CB43255CABC700DF385B /* Resources */ = {
			isa = PBXResourcesBuildPhase;
			buildActionMask = 2147483647;
			files = (
				AC94CB50255CABC800DF385B /* Preview Assets.xcassets in Resources */,
				AC94CB4D255CABC800DF385B /* Assets.xcassets in Resources */,
			);
			runOnlyForDeploymentPostprocessing = 0;
		};
/* End PBXResourcesBuildPhase section */

/* Begin PBXSourcesBuildPhase section */
		AC94CB41255CABC700DF385B /* Sources */ = {
			isa = PBXSourcesBuildPhase;
			buildActionMask = 2147483647;
			files = (
				AC94CB62255CAC3C00DF385B /* FilterFlightsView.swift in Sources */,
				AC94CB4B255CABC700DF385B /* ContentView.swift in Sources */,
				AC94CB49255CABC700DF385B /* Index.swift in Sources */,
				AC94CB5E255CAC1400DF385B /* FlightsView.swift in Sources */,
			);
			runOnlyForDeploymentPostprocessing = 0;
		};
/* End PBXSourcesBuildPhase section */

/* Begin XCBuildConfiguration section */
		AC94CB52255CABC800DF385B /* Debug */ = {
			isa = XCBuildConfiguration;
			buildSettings = {
				ALWAYS_SEARCH_USER_PATHS = NO;
				CLANG_ANALYZER_NONNULL = YES;
				CLANG_ANALYZER_NUMBER_OBJECT_CONVERSION = YES_AGGRESSIVE;
				CLANG_CXX_LANGUAGE_STANDARD = "gnu++14";
				CLANG_CXX_LIBRARY = "libc++";
				CLANG_ENABLE_MODULES = YES;
				CLANG_ENABLE_OBJC_ARC = YES;
				CLANG_ENABLE_OBJC_WEAK = YES;
				CLANG_WARN_BLOCK_CAPTURE_AUTORELEASING = YES;
				CLANG_WARN_BOOL_CONVERSION = YES;
				CLANG_WARN_COMMA = YES;
				CLANG_WARN_CONSTANT_CONVERSION = YES;
				CLANG_WARN_DEPRECATED_OBJC_IMPLEMENTATIONS = YES;
				CLANG_WARN_DIRECT_OBJC_ISA_USAGE = YES_ERROR;
				CLANG_WARN_DOCUMENTATION_COMMENTS = YES;
				CLANG_WARN_EMPTY_BODY = YES;
				CLANG_WARN_ENUM_CONVERSION = YES;
				CLANG_WARN_INFINITE_RECURSION = YES;
				CLANG_WARN_INT_CONVERSION = YES;
				CLANG_WARN_NON_LITERAL_NULL_CONVERSION = YES;
				CLANG_WARN_OBJC_IMPLICIT_RETAIN_SELF = YES;
				CLANG_WARN_OBJC_LITERAL_CONVERSION = YES;
				CLANG_WARN_OBJC_ROOT_CLASS = YES_ERROR;
				CLANG_WARN_QUOTED_INCLUDE_IN_FRAMEWORK_HEADER = YES;
				CLANG_WARN_RANGE_LOOP_ANALYSIS = YES;
				CLANG_WARN_STRICT_PROTOTYPES = YES;
				CLANG_WARN_SUSPICIOUS_MOVE = YES;
				CLANG_WARN_UNGUARDED_AVAILABILITY = YES_AGGRESSIVE;
				CLANG_WARN_UNREACHABLE_CODE = YES;
				CLANG_WARN__DUPLICATE_METHOD_MATCH = YES;
				COPY_PHASE_STRIP = NO;
				DEBUG_INFORMATION_FORMAT = dwarf;
				ENABLE_STRICT_OBJC_MSGSEND = YES;
				ENABLE_TESTABILITY = YES;
				GCC_C_LANGUAGE_STANDARD = gnu11;
				GCC_DYNAMIC_NO_PIC = NO;
				GCC_NO_COMMON_BLOCKS = YES;
				GCC_OPTIMIZATION_LEVEL = 0;
				GCC_PREPROCESSOR_DEFINITIONS = (
					"DEBUG=1",
					"$(inherited)",
				);
				GCC_WARN_64_TO_32_BIT_CONVERSION = YES;
				GCC_WARN_ABOUT_RETURN_TYPE = YES_ERROR;
				GCC_WARN_UNDECLARED_SELECTOR = YES;
				GCC_WARN_UNINITIALIZED_AUTOS = YES_AGGRESSIVE;
				GCC_WARN_UNUSED_FUNCTION = YES;
				GCC_WARN_UNUSED_VARIABLE = YES;
				IPHONEOS_DEPLOYMENT_TARGET = 14.2;
				MTL_ENABLE_DEBUG_INFO = INCLUDE_SOURCE;
				MTL_FAST_MATH = YES;
				ONLY_ACTIVE_ARCH = YES;
				SDKROOT = iphoneos;
				SWIFT_ACTIVE_COMPILATION_CONDITIONS = DEBUG;
				SWIFT_OPTIMIZATION_LEVEL = "-Onone";
			};
			name = Debug;
		};
		AC94CB53255CABC800DF385B /* Release */ = {
			isa = XCBuildConfiguration;
			buildSettings = {
				ALWAYS_SEARCH_USER_PATHS = NO;
				CLANG_ANALYZER_NONNULL = YES;
				CLANG_ANALYZER_NUMBER_OBJECT_CONVERSION = YES_AGGRESSIVE;
				CLANG_CXX_LANGUAGE_STANDARD = "gnu++14";
				CLANG_CXX_LIBRARY = "libc++";
				CLANG_ENABLE_MODULES = YES;
				CLANG_ENABLE_OBJC_ARC = YES;
				CLANG_ENABLE_OBJC_WEAK = YES;
				CLANG_WARN_BLOCK_CAPTURE_AUTORELEASING = YES;
				CLANG_WARN_BOOL_CONVERSION = YES;
				CLANG_WARN_COMMA = YES;
				CLANG_WARN_CONSTANT_CONVERSION = YES;
				CLANG_WARN_DEPRECATED_OBJC_IMPLEMENTATIONS = YES;
				CLANG_WARN_DIRECT_OBJC_ISA_USAGE = YES_ERROR;
				CLANG_WARN_DOCUMENTATION_COMMENTS = YES;
				CLANG_WARN_EMPTY_BODY = YES;
				CLANG_WARN_ENUM_CONVERSION = YES;
				CLANG_WARN_INFINITE_RECURSION = YES;
				CLANG_WARN_INT_CONVERSION = YES;
				CLANG_WARN_NON_LITERAL_NULL_CONVERSION = YES;
				CLANG_WARN_OBJC_IMPLICIT_RETAIN_SELF = YES;
				CLANG_WARN_OBJC_LITERAL_CONVERSION = YES;
				CLANG_WARN_OBJC_ROOT_CLASS = YES_ERROR;
				CLANG_WARN_QUOTED_INCLUDE_IN_FRAMEWORK_HEADER = YES;
				CLANG_WARN_RANGE_LOOP_ANALYSIS = YES;
				CLANG_WARN_STRICT_PROTOTYPES = YES;
				CLANG_WARN_SUSPICIOUS_MOVE = YES;
				CLANG_WARN_UNGUARDED_AVAILABILITY = YES_AGGRESSIVE;
				CLANG_WARN_UNREACHABLE_CODE = YES;
				CLANG_WARN__DUPLICATE_METHOD_MATCH = YES;
				COPY_PHASE_STRIP = NO;
				DEBUG_INFORMATION_FORMAT = "dwarf-with-dsym";
				ENABLE_NS_ASSERTIONS = NO;
				ENABLE_STRICT_OBJC_MSGSEND = YES;
				GCC_C_LANGUAGE_STANDARD = gnu11;
				GCC_NO_COMMON_BLOCKS = YES;
				GCC_WARN_64_TO_32_BIT_CONVERSION = YES;
				GCC_WARN_ABOUT_RETURN_TYPE = YES_ERROR;
				GCC_WARN_UNDECLARED_SELECTOR = YES;
				GCC_WARN_UNINITIALIZED_AUTOS = YES_AGGRESSIVE;
				GCC_WARN_UNUSED_FUNCTION = YES;
				GCC_WARN_UNUSED_VARIABLE = YES;
				IPHONEOS_DEPLOYMENT_TARGET = 14.2;
				MTL_ENABLE_DEBUG_INFO = NO;
				MTL_FAST_MATH = YES;
				SDKROOT = iphoneos;
				SWIFT_COMPILATION_MODE = wholemodule;
				SWIFT_OPTIMIZATION_LEVEL = "-O";
				VALIDATE_PRODUCT = YES;
			};
			name = Release;
		};
		AC94CB55255CABC800DF385B /* Debug */ = {
			isa = XCBuildConfiguration;
			buildSettings = {
				ASSETCATALOG_COMPILER_APPICON_NAME = AppIcon;
				ASSETCATALOG_COMPILER_GLOBAL_ACCENT_COLOR_NAME = AccentColor;
				CODE_SIGN_STYLE = Automatic;
				DEVELOPMENT_ASSET_PATHS = "\"Flights/Preview Content\"";
				DEVELOPMENT_TEAM = BXSCJ2TSZH;
				ENABLE_PREVIEWS = YES;
				INFOPLIST_FILE = Flights/Info.plist;
				IPHONEOS_DEPLOYMENT_TARGET = 14.0;
				LD_RUNPATH_SEARCH_PATHS = (
					"$(inherited)",
					"@executable_path/Frameworks",
				);
				PRODUCT_BUNDLE_IDENTIFIER = com.artem.Flights;
				PRODUCT_NAME = "$(TARGET_NAME)";
				SWIFT_VERSION = 5.0;
				TARGETED_DEVICE_FAMILY = "1,2";
			};
			name = Debug;
		};
		AC94CB56255CABC800DF385B /* Release */ = {
			isa = XCBuildConfiguration;
			buildSettings = {
				ASSETCATALOG_COMPILER_APPICON_NAME = AppIcon;
				ASSETCATALOG_COMPILER_GLOBAL_ACCENT_COLOR_NAME = AccentColor;
				CODE_SIGN_STYLE = Automatic;
				DEVELOPMENT_ASSET_PATHS = "\"Flights/Preview Content\"";
				DEVELOPMENT_TEAM = BXSCJ2TSZH;
				ENABLE_PREVIEWS = YES;
				INFOPLIST_FILE = Flights/Info.plist;
				IPHONEOS_DEPLOYMENT_TARGET = 14.0;
				LD_RUNPATH_SEARCH_PATHS = (
					"$(inherited)",
					"@executable_path/Frameworks",
				);
				PRODUCT_BUNDLE_IDENTIFIER = com.artem.Flights;
				PRODUCT_NAME = "$(TARGET_NAME)";
				SWIFT_VERSION = 5.0;
				TARGETED_DEVICE_FAMILY = "1,2";
			};
			name = Release;
		};
/* End XCBuildConfiguration section */

/* Begin XCConfigurationList section */
		AC94CB40255CABC700DF385B /* Build configuration list for PBXProject "Flights" */ = {
			isa = XCConfigurationList;
			buildConfigurations = (
				AC94CB52255CABC800DF385B /* Debug */,
				AC94CB53255CABC800DF385B /* Release */,
			);
			defaultConfigurationIsVisible = 0;
			defaultConfigurationName = Release;
		};
		AC94CB54255CABC800DF385B /* Build configuration list for PBXNativeTarget "Flights" */ = {
			isa = XCConfigurationList;
			buildConfigurations = (
				AC94CB55255CABC800DF385B /* Debug */,
				AC94CB56255CABC800DF385B /* Release */,
			);
			defaultConfigurationIsVisible = 0;
			defaultConfigurationName = Release;
		};
/* End XCConfigurationList section */
	};
	rootObject = AC94CB3D255CABC700DF385B /* Project object */;
}
