// !$*UTF8*$!
{
	archiveVersion = 1;
	classes = {
	};
	objectVersion = 50;
	objects = {

/* Begin PBXBuildFile section */
		AC46B8B22558737000FEF6D3 /* Index.swift in Sources */ = {isa = PBXBuildFile; fileRef = AC46B8B12558737000FEF6D3 /* Index.swift */; };
		AC46B8B42558737000FEF6D3 /* Home.swift in Sources */ = {isa = PBXBuildFile; fileRef = AC46B8B32558737000FEF6D3 /* Home.swift */; };
		AC46B8B62558737200FEF6D3 /* Assets.xcassets in Resources */ = {isa = PBXBuildFile; fileRef = AC46B8B52558737200FEF6D3 /* Assets.xcassets */; };
		AC46B8B92558737200FEF6D3 /* Preview Assets.xcassets in Resources */ = {isa = PBXBuildFile; fileRef = AC46B8B82558737200FEF6D3 /* Preview Assets.xcassets */; };
		AC46B8C225587D8300FEF6D3 /* GameModel.swift in Sources */ = {isa = PBXBuildFile; fileRef = AC46B8C125587D8300FEF6D3 /* GameModel.swift */; };
		AC46B8C625587F1600FEF6D3 /* EmojiGameViewModel.swift in Sources */ = {isa = PBXBuildFile; fileRef = AC46B8C525587F1600FEF6D3 /* EmojiGameViewModel.swift */; };
		AC46B8D82558B19A00FEF6D3 /* Grid.swift in Sources */ = {isa = PBXBuildFile; fileRef = AC46B8D72558B19A00FEF6D3 /* Grid.swift */; };
		AC7EAE6E25591ABF0026AC9E /* GridLayout.swift in Sources */ = {isa = PBXBuildFile; fileRef = AC7EAE6D25591ABF0026AC9E /* GridLayout.swift */; };
/* End PBXBuildFile section */

/* Begin PBXFileReference section */
		AC46B8AE2558737000FEF6D3 /* StanfordCourse.app */ = {isa = PBXFileReference; explicitFileType = wrapper.application; includeInIndex = 0; path = StanfordCourse.app; sourceTree = BUILT_PRODUCTS_DIR; };
		AC46B8B12558737000FEF6D3 /* Index.swift */ = {isa = PBXFileReference; lastKnownFileType = sourcecode.swift; path = Index.swift; sourceTree = "<group>"; };
		AC46B8B32558737000FEF6D3 /* Home.swift */ = {isa = PBXFileReference; lastKnownFileType = sourcecode.swift; path = Home.swift; sourceTree = "<group>"; };
		AC46B8B52558737200FEF6D3 /* Assets.xcassets */ = {isa = PBXFileReference; lastKnownFileType = folder.assetcatalog; path = Assets.xcassets; sourceTree = "<group>"; };
		AC46B8B82558737200FEF6D3 /* Preview Assets.xcassets */ = {isa = PBXFileReference; lastKnownFileType = folder.assetcatalog; path = "Preview Assets.xcassets"; sourceTree = "<group>"; };
		AC46B8BA2558737200FEF6D3 /* Info.plist */ = {isa = PBXFileReference; lastKnownFileType = text.plist.xml; path = Info.plist; sourceTree = "<group>"; };
		AC46B8C125587D8300FEF6D3 /* GameModel.swift */ = {isa = PBXFileReference; lastKnownFileType = sourcecode.swift; path = GameModel.swift; sourceTree = "<group>"; };
		AC46B8C525587F1600FEF6D3 /* EmojiGameViewModel.swift */ = {isa = PBXFileReference; lastKnownFileType = sourcecode.swift; path = EmojiGameViewModel.swift; sourceTree = "<group>"; };
		AC46B8D72558B19A00FEF6D3 /* Grid.swift */ = {isa = PBXFileReference; lastKnownFileType = sourcecode.swift; path = Grid.swift; sourceTree = "<group>"; };
		AC7EAE6D25591ABF0026AC9E /* GridLayout.swift */ = {isa = PBXFileReference; fileEncoding = 4; lastKnownFileType = sourcecode.swift; path = GridLayout.swift; sourceTree = "<group>"; };
/* End PBXFileReference section */

/* Begin PBXFrameworksBuildPhase section */
		AC46B8AB2558737000FEF6D3 /* Frameworks */ = {
			isa = PBXFrameworksBuildPhase;
			buildActionMask = 2147483647;
			files = (
			);
			runOnlyForDeploymentPostprocessing = 0;
		};
/* End PBXFrameworksBuildPhase section */

/* Begin PBXGroup section */
		AC46B8A52558737000FEF6D3 = {
			isa = PBXGroup;
			children = (
				AC46B8B02558737000FEF6D3 /* StanfordCourse */,
				AC46B8AF2558737000FEF6D3 /* Products */,
			);
			sourceTree = "<group>";
		};
		AC46B8AF2558737000FEF6D3 /* Products */ = {
			isa = PBXGroup;
			children = (
				AC46B8AE2558737000FEF6D3 /* StanfordCourse.app */,
			);
			name = Products;
			sourceTree = "<group>";
		};
		AC46B8B02558737000FEF6D3 /* StanfordCourse */ = {
			isa = PBXGroup;
			children = (
				AC46B8B12558737000FEF6D3 /* Index.swift */,
				AC46B8C825587F1F00FEF6D3 /* Models */,
				AC46B8CA25587F2500FEF6D3 /* ViewModels */,
				AC46B8CC25587F2A00FEF6D3 /* Views */,
				AC46B8B52558737200FEF6D3 /* Assets.xcassets */,
				AC46B8BA2558737200FEF6D3 /* Info.plist */,
				AC46B8B72558737200FEF6D3 /* Preview Content */,
			);
			path = StanfordCourse;
			sourceTree = "<group>";
		};
		AC46B8B72558737200FEF6D3 /* Preview Content */ = {
			isa = PBXGroup;
			children = (
				AC46B8B82558737200FEF6D3 /* Preview Assets.xcassets */,
			);
			path = "Preview Content";
			sourceTree = "<group>";
		};
		AC46B8C825587F1F00FEF6D3 /* Models */ = {
			isa = PBXGroup;
			children = (
				AC46B8C125587D8300FEF6D3 /* GameModel.swift */,
			);
			path = Models;
			sourceTree = "<group>";
		};
		AC46B8CA25587F2500FEF6D3 /* ViewModels */ = {
			isa = PBXGroup;
			children = (
				AC46B8C525587F1600FEF6D3 /* EmojiGameViewModel.swift */,
			);
			path = ViewModels;
			sourceTree = "<group>";
		};
		AC46B8CC25587F2A00FEF6D3 /* Views */ = {
			isa = PBXGroup;
			children = (
				AC46B8D62558B11D00FEF6D3 /* LayoutComponents */,
				AC46B8B32558737000FEF6D3 /* Home.swift */,
			);
			path = Views;
			sourceTree = "<group>";
		};
		AC46B8D62558B11D00FEF6D3 /* LayoutComponents */ = {
			isa = PBXGroup;
			children = (
				AC46B8D72558B19A00FEF6D3 /* Grid.swift */,
				AC7EAE6D25591ABF0026AC9E /* GridLayout.swift */,
			);
			path = LayoutComponents;
			sourceTree = "<group>";
		};
/* End PBXGroup section */

/* Begin PBXNativeTarget section */
		AC46B8AD2558737000FEF6D3 /* StanfordCourse */ = {
			isa = PBXNativeTarget;
			buildConfigurationList = AC46B8BD2558737200FEF6D3 /* Build configuration list for PBXNativeTarget "StanfordCourse" */;
			buildPhases = (
				AC46B8AA2558737000FEF6D3 /* Sources */,
				AC46B8AB2558737000FEF6D3 /* Frameworks */,
				AC46B8AC2558737000FEF6D3 /* Resources */,
			);
			buildRules = (
			);
			dependencies = (
			);
			name = StanfordCourse;
			productName = StanfordCourse;
			productReference = AC46B8AE2558737000FEF6D3 /* StanfordCourse.app */;
			productType = "com.apple.product-type.application";
		};
/* End PBXNativeTarget section */

/* Begin PBXProject section */
		AC46B8A62558737000FEF6D3 /* Project object */ = {
			isa = PBXProject;
			attributes = {
				LastSwiftUpdateCheck = 1220;
				LastUpgradeCheck = 1220;
				TargetAttributes = {
					AC46B8AD2558737000FEF6D3 = {
						CreatedOnToolsVersion = 12.2;
					};
				};
			};
			buildConfigurationList = AC46B8A92558737000FEF6D3 /* Build configuration list for PBXProject "StanfordCourse" */;
			compatibilityVersion = "Xcode 9.3";
			developmentRegion = en;
			hasScannedForEncodings = 0;
			knownRegions = (
				en,
				Base,
			);
			mainGroup = AC46B8A52558737000FEF6D3;
			productRefGroup = AC46B8AF2558737000FEF6D3 /* Products */;
			projectDirPath = "";
			projectRoot = "";
			targets = (
				AC46B8AD2558737000FEF6D3 /* StanfordCourse */,
			);
		};
/* End PBXProject section */

/* Begin PBXResourcesBuildPhase section */
		AC46B8AC2558737000FEF6D3 /* Resources */ = {
			isa = PBXResourcesBuildPhase;
			buildActionMask = 2147483647;
			files = (
				AC46B8B92558737200FEF6D3 /* Preview Assets.xcassets in Resources */,
				AC46B8B62558737200FEF6D3 /* Assets.xcassets in Resources */,
			);
			runOnlyForDeploymentPostprocessing = 0;
		};
/* End PBXResourcesBuildPhase section */

/* Begin PBXSourcesBuildPhase section */
		AC46B8AA2558737000FEF6D3 /* Sources */ = {
			isa = PBXSourcesBuildPhase;
			buildActionMask = 2147483647;
			files = (
				AC46B8B42558737000FEF6D3 /* Home.swift in Sources */,
				AC46B8C625587F1600FEF6D3 /* EmojiGameViewModel.swift in Sources */,
				AC46B8B22558737000FEF6D3 /* Index.swift in Sources */,
				AC7EAE6E25591ABF0026AC9E /* GridLayout.swift in Sources */,
				AC46B8D82558B19A00FEF6D3 /* Grid.swift in Sources */,
				AC46B8C225587D8300FEF6D3 /* GameModel.swift in Sources */,
			);
			runOnlyForDeploymentPostprocessing = 0;
		};
/* End PBXSourcesBuildPhase section */

/* Begin XCBuildConfiguration section */
		AC46B8BB2558737200FEF6D3 /* Debug */ = {
			isa = XCBuildConfiguration;
			buildSettings = {
				ALWAYS_SEARCH_USER_PATHS = NO;
				CLANG_ANALYZER_NONNULL = YES;
				CLANG_ANALYZER_NUMBER_OBJECT_CONVERSION = YES_AGGRESSIVE;
				CLANG_CXX_LANGUAGE_STANDARD = "gnu++14";
				CLANG_CXX_LIBRARY = "libc++";
				CLANG_ENABLE_MODULES = YES;
				CLANG_ENABLE_OBJC_ARC = YES;
				CLANG_ENABLE_OBJC_WEAK = YES;
				CLANG_WARN_BLOCK_CAPTURE_AUTORELEASING = YES;
				CLANG_WARN_BOOL_CONVERSION = YES;
				CLANG_WARN_COMMA = YES;
				CLANG_WARN_CONSTANT_CONVERSION = YES;
				CLANG_WARN_DEPRECATED_OBJC_IMPLEMENTATIONS = YES;
				CLANG_WARN_DIRECT_OBJC_ISA_USAGE = YES_ERROR;
				CLANG_WARN_DOCUMENTATION_COMMENTS = YES;
				CLANG_WARN_EMPTY_BODY = YES;
				CLANG_WARN_ENUM_CONVERSION = YES;
				CLANG_WARN_INFINITE_RECURSION = YES;
				CLANG_WARN_INT_CONVERSION = YES;
				CLANG_WARN_NON_LITERAL_NULL_CONVERSION = YES;
				CLANG_WARN_OBJC_IMPLICIT_RETAIN_SELF = YES;
				CLANG_WARN_OBJC_LITERAL_CONVERSION = YES;
				CLANG_WARN_OBJC_ROOT_CLASS = YES_ERROR;
				CLANG_WARN_QUOTED_INCLUDE_IN_FRAMEWORK_HEADER = YES;
				CLANG_WARN_RANGE_LOOP_ANALYSIS = YES;
				CLANG_WARN_STRICT_PROTOTYPES = YES;
				CLANG_WARN_SUSPICIOUS_MOVE = YES;
				CLANG_WARN_UNGUARDED_AVAILABILITY = YES_AGGRESSIVE;
				CLANG_WARN_UNREACHABLE_CODE = YES;
				CLANG_WARN__DUPLICATE_METHOD_MATCH = YES;
				COPY_PHASE_STRIP = NO;
				DEBUG_INFORMATION_FORMAT = dwarf;
				ENABLE_STRICT_OBJC_MSGSEND = YES;
				ENABLE_TESTABILITY = YES;
				GCC_C_LANGUAGE_STANDARD = gnu11;
				GCC_DYNAMIC_NO_PIC = NO;
				GCC_NO_COMMON_BLOCKS = YES;
				GCC_OPTIMIZATION_LEVEL = 0;
				GCC_PREPROCESSOR_DEFINITIONS = (
					"DEBUG=1",
					"$(inherited)",
				);
				GCC_WARN_64_TO_32_BIT_CONVERSION = YES;
				GCC_WARN_ABOUT_RETURN_TYPE = YES_ERROR;
				GCC_WARN_UNDECLARED_SELECTOR = YES;
				GCC_WARN_UNINITIALIZED_AUTOS = YES_AGGRESSIVE;
				GCC_WARN_UNUSED_FUNCTION = YES;
				GCC_WARN_UNUSED_VARIABLE = YES;
				IPHONEOS_DEPLOYMENT_TARGET = 14.2;
				MTL_ENABLE_DEBUG_INFO = INCLUDE_SOURCE;
				MTL_FAST_MATH = YES;
				ONLY_ACTIVE_ARCH = YES;
				SDKROOT = iphoneos;
				SWIFT_ACTIVE_COMPILATION_CONDITIONS = DEBUG;
				SWIFT_OPTIMIZATION_LEVEL = "-Onone";
			};
			name = Debug;
		};
		AC46B8BC2558737200FEF6D3 /* Release */ = {
			isa = XCBuildConfiguration;
			buildSettings = {
				ALWAYS_SEARCH_USER_PATHS = NO;
				CLANG_ANALYZER_NONNULL = YES;
				CLANG_ANALYZER_NUMBER_OBJECT_CONVERSION = YES_AGGRESSIVE;
				CLANG_CXX_LANGUAGE_STANDARD = "gnu++14";
				CLANG_CXX_LIBRARY = "libc++";
				CLANG_ENABLE_MODULES = YES;
				CLANG_ENABLE_OBJC_ARC = YES;
				CLANG_ENABLE_OBJC_WEAK = YES;
				CLANG_WARN_BLOCK_CAPTURE_AUTORELEASING = YES;
				CLANG_WARN_BOOL_CONVERSION = YES;
				CLANG_WARN_COMMA = YES;
				CLANG_WARN_CONSTANT_CONVERSION = YES;
				CLANG_WARN_DEPRECATED_OBJC_IMPLEMENTATIONS = YES;
				CLANG_WARN_DIRECT_OBJC_ISA_USAGE = YES_ERROR;
				CLANG_WARN_DOCUMENTATION_COMMENTS = YES;
				CLANG_WARN_EMPTY_BODY = YES;
				CLANG_WARN_ENUM_CONVERSION = YES;
				CLANG_WARN_INFINITE_RECURSION = YES;
				CLANG_WARN_INT_CONVERSION = YES;
				CLANG_WARN_NON_LITERAL_NULL_CONVERSION = YES;
				CLANG_WARN_OBJC_IMPLICIT_RETAIN_SELF = YES;
				CLANG_WARN_OBJC_LITERAL_CONVERSION = YES;
				CLANG_WARN_OBJC_ROOT_CLASS = YES_ERROR;
				CLANG_WARN_QUOTED_INCLUDE_IN_FRAMEWORK_HEADER = YES;
				CLANG_WARN_RANGE_LOOP_ANALYSIS = YES;
				CLANG_WARN_STRICT_PROTOTYPES = YES;
				CLANG_WARN_SUSPICIOUS_MOVE = YES;
				CLANG_WARN_UNGUARDED_AVAILABILITY = YES_AGGRESSIVE;
				CLANG_WARN_UNREACHABLE_CODE = YES;
				CLANG_WARN__DUPLICATE_METHOD_MATCH = YES;
				COPY_PHASE_STRIP = NO;
				DEBUG_INFORMATION_FORMAT = "dwarf-with-dsym";
				ENABLE_NS_ASSERTIONS = NO;
				ENABLE_STRICT_OBJC_MSGSEND = YES;
				GCC_C_LANGUAGE_STANDARD = gnu11;
				GCC_NO_COMMON_BLOCKS = YES;
				GCC_WARN_64_TO_32_BIT_CONVERSION = YES;
				GCC_WARN_ABOUT_RETURN_TYPE = YES_ERROR;
				GCC_WARN_UNDECLARED_SELECTOR = YES;
				GCC_WARN_UNINITIALIZED_AUTOS = YES_AGGRESSIVE;
				GCC_WARN_UNUSED_FUNCTION = YES;
				GCC_WARN_UNUSED_VARIABLE = YES;
				IPHONEOS_DEPLOYMENT_TARGET = 14.2;
				MTL_ENABLE_DEBUG_INFO = NO;
				MTL_FAST_MATH = YES;
				SDKROOT = iphoneos;
				SWIFT_COMPILATION_MODE = wholemodule;
				SWIFT_OPTIMIZATION_LEVEL = "-O";
				VALIDATE_PRODUCT = YES;
			};
			name = Release;
		};
		AC46B8BE2558737200FEF6D3 /* Debug */ = {
			isa = XCBuildConfiguration;
			buildSettings = {
				ASSETCATALOG_COMPILER_APPICON_NAME = AppIcon;
				ASSETCATALOG_COMPILER_GLOBAL_ACCENT_COLOR_NAME = AccentColor;
				CODE_SIGN_STYLE = Automatic;
				DEVELOPMENT_ASSET_PATHS = "\"StanfordCourse/Preview Content\"";
				DEVELOPMENT_TEAM = BXSCJ2TSZH;
				ENABLE_PREVIEWS = YES;
				INFOPLIST_FILE = StanfordCourse/Info.plist;
				IPHONEOS_DEPLOYMENT_TARGET = 14.0;
				LD_RUNPATH_SEARCH_PATHS = (
					"$(inherited)",
					"@executable_path/Frameworks",
				);
				PRODUCT_BUNDLE_IDENTIFIER = com.artem.StanfordCourse;
				PRODUCT_NAME = "$(TARGET_NAME)";
				SWIFT_VERSION = 5.0;
				TARGETED_DEVICE_FAMILY = "1,2";
			};
			name = Debug;
		};
		AC46B8BF2558737200FEF6D3 /* Release */ = {
			isa = XCBuildConfiguration;
			buildSettings = {
				ASSETCATALOG_COMPILER_APPICON_NAME = AppIcon;
				ASSETCATALOG_COMPILER_GLOBAL_ACCENT_COLOR_NAME = AccentColor;
				CODE_SIGN_STYLE = Automatic;
				DEVELOPMENT_ASSET_PATHS = "\"StanfordCourse/Preview Content\"";
				DEVELOPMENT_TEAM = BXSCJ2TSZH;
				ENABLE_PREVIEWS = YES;
				INFOPLIST_FILE = StanfordCourse/Info.plist;
				IPHONEOS_DEPLOYMENT_TARGET = 14.0;
				LD_RUNPATH_SEARCH_PATHS = (
					"$(inherited)",
					"@executable_path/Frameworks",
				);
				PRODUCT_BUNDLE_IDENTIFIER = com.artem.StanfordCourse;
				PRODUCT_NAME = "$(TARGET_NAME)";
				SWIFT_VERSION = 5.0;
				TARGETED_DEVICE_FAMILY = "1,2";
			};
			name = Release;
		};
/* End XCBuildConfiguration section */

/* Begin XCConfigurationList section */
		AC46B8A92558737000FEF6D3 /* Build configuration list for PBXProject "StanfordCourse" */ = {
			isa = XCConfigurationList;
			buildConfigurations = (
				AC46B8BB2558737200FEF6D3 /* Debug */,
				AC46B8BC2558737200FEF6D3 /* Release */,
			);
			defaultConfigurationIsVisible = 0;
			defaultConfigurationName = Release;
		};
		AC46B8BD2558737200FEF6D3 /* Build configuration list for PBXNativeTarget "StanfordCourse" */ = {
			isa = XCConfigurationList;
			buildConfigurations = (
				AC46B8BE2558737200FEF6D3 /* Debug */,
				AC46B8BF2558737200FEF6D3 /* Release */,
			);
			defaultConfigurationIsVisible = 0;
			defaultConfigurationName = Release;
		};
/* End XCConfigurationList section */
	};
	rootObject = AC46B8A62558737000FEF6D3 /* Project object */;
}
